
Microsoft Visual Studio Solution File, Format Version 12.00
# Visual Studio Version 17
VisualStudioVersion = 17.5.002.0
MinimumVisualStudioVersion = 10.0.40219.1
Project("{2150E333-8FDC-42A3-9474-1A3956D46DE8}") = "shared", "shared", "{1C04675A-CF1F-4C4B-8DB7-C712CFF31F49}"
EndProject
Project("{9A19103F-16F7-4668-BE54-9A1E7A4F7556}") = "Shared.ApiResponse", "shared\Shared.ApiResponse\Shared.ApiResponse.csproj", "{B291BEC9-D50F-475C-A2B3-BBA72A8B9B0C}"
EndProject
Project("{9A19103F-16F7-4668-BE54-9A1E7A4F7556}") = "Shared.Application", "shared\Shared.Application\Shared.Application.csproj", "{FE1C5083-FCAD-405B-9813-82749589AA0B}"
EndProject
Project("{9A19103F-16F7-4668-BE54-9A1E7A4F7556}") = "Shared.Domain", "shared\Shared.Domain\Shared.Domain.csproj", "{D1729696-F548-488B-A5AF-566405ABD529}"
EndProject
Project("{9A19103F-16F7-4668-BE54-9A1E7A4F7556}") = "Shared.Query", "shared\Shared.Query\Shared.Query.csproj", "{ED5390E4-0FE3-421D-B6DE-C8677F41FEDC}"
EndProject
Project("{2150E333-8FDC-42A3-9474-1A3956D46DE8}") = "src", "src", "{515C2E24-4FF4-4812-B800-D5A7956E7C50}"
EndProject
Project("{9A19103F-16F7-4668-BE54-9A1E7A4F7556}") = "ApiMarketHub.Application", "src\ApiMarketHub.Application\ApiMarketHub.Application.csproj", "{28904DC6-B1EE-4CD0-B465-5FF4C69ACDEF}"
EndProject
Project("{9A19103F-16F7-4668-BE54-9A1E7A4F7556}") = "ApiMarketHub.Config", "src\ApiMarketHub.Config\ApiMarketHub.Config.csproj", "{70B841B3-87B7-44F8-AE60-18DE93E1152F}"
EndProject
Project("{9A19103F-16F7-4668-BE54-9A1E7A4F7556}") = "ApiMarketHub.Domain", "src\ApiMarketHub.Domain\ApiMarketHub.Domain.csproj", "{A5432BD8-47AD-4C14-932A-2FCD0DF7BF09}"
EndProject
Project("{9A19103F-16F7-4668-BE54-9A1E7A4F7556}") = "ApiMarketHub.Infrastructure", "src\ApiMarketHub.Infrastructure\ApiMarketHub.Infrastructure.csproj", "{934A900B-FC38-41ED-AD43-6677EE4077E6}"
EndProject
Project("{9A19103F-16F7-4668-BE54-9A1E7A4F7556}") = "ApiMarketHub.PresentationFacade", "src\ApiMarketHub.PresentationFacade\ApiMarketHub.PresentationFacade.csproj", "{681FF45C-B19A-4FF7-9DE0-4A610E31175C}"
EndProject
Project("{9A19103F-16F7-4668-BE54-9A1E7A4F7556}") = "ApiMarketHub.Query", "src\ApiMarketHub.Query\ApiMarketHub.Query.csproj", "{281E8F94-CD7C-4A5C-BA57-FCE01571BD89}"
EndProject
Project("{2150E333-8FDC-42A3-9474-1A3956D46DE8}") = "test", "test", "{64417324-0EB1-4035-93BA-EC4AB97D1895}"
EndProject
Project("{9A19103F-16F7-4668-BE54-9A1E7A4F7556}") = "ApiMarketHub.Application.UnitTest", "test\ApiMarketHub.Application.UnitTest\ApiMarketHub.Application.UnitTest.csproj", "{F4E46A02-983F-44FC-B14C-44B624A855C4}"
EndProject
Project("{9A19103F-16F7-4668-BE54-9A1E7A4F7556}") = "ApiMarketHub.Domain.UnitTest", "test\ApiMarketHub.Domain.UnitTest\ApiMarketHub.Domain.UnitTest.csproj", "{58912912-D513-4C57-8A10-A052BF5A5591}"
EndProject
Project("{9A19103F-16F7-4668-BE54-9A1E7A4F7556}") = "MarketHubApi.UnitTest", "test\MarketHubApi.UnitTest\MarketHubApi.UnitTest.csproj", "{6B75E84A-38CE-4253-9B53-AA3F97F15BFC}"
EndProject
Project("{9A19103F-16F7-4668-BE54-9A1E7A4F7556}") = "Shared.Domain.UnitTest", "test\Shared.Domain.UnitTest\Shared.Domain.UnitTest.csproj", "{6D3E4FBC-80F5-4DCB-8268-3BA9E01080D9}"
EndProject
Project("{2150E333-8FDC-42A3-9474-1A3956D46DE8}") = "EndPoints", "EndPoints", "{4C8D3106-8172-4F5E-928E-D847BBCB080F}"
EndProject
Project("{9A19103F-16F7-4668-BE54-9A1E7A4F7556}") = "MarketHub.Api", "src\EndPoints\MarketHub.Api\MarketHub.Api.csproj", "{038315AD-B508-4988-BEF8-D4334BC42D03}"
EndProject
Global
	GlobalSection(SolutionConfigurationPlatforms) = preSolution
		Debug|Any CPU = Debug|Any CPU
		Release|Any CPU = Release|Any CPU
	EndGlobalSection
	GlobalSection(ProjectConfigurationPlatforms) = postSolution
		{B291BEC9-D50F-475C-A2B3-BBA72A8B9B0C}.Debug|Any CPU.ActiveCfg = Debug|Any CPU
		{B291BEC9-D50F-475C-A2B3-BBA72A8B9B0C}.Debug|Any CPU.Build.0 = Debug|Any CPU
		{B291BEC9-D50F-475C-A2B3-BBA72A8B9B0C}.Release|Any CPU.ActiveCfg = Release|Any CPU
		{B291BEC9-D50F-475C-A2B3-BBA72A8B9B0C}.Release|Any CPU.Build.0 = Release|Any CPU
		{FE1C5083-FCAD-405B-9813-82749589AA0B}.Debug|Any CPU.ActiveCfg = Debug|Any CPU
		{FE1C5083-FCAD-405B-9813-82749589AA0B}.Debug|Any CPU.Build.0 = Debug|Any CPU
		{FE1C5083-FCAD-405B-9813-82749589AA0B}.Release|Any CPU.ActiveCfg = Release|Any CPU
		{FE1C5083-FCAD-405B-9813-82749589AA0B}.Release|Any CPU.Build.0 = Release|Any CPU
		{D1729696-F548-488B-A5AF-566405ABD529}.Debug|Any CPU.ActiveCfg = Debug|Any CPU
		{D1729696-F548-488B-A5AF-566405ABD529}.Debug|Any CPU.Build.0 = Debug|Any CPU
		{D1729696-F548-488B-A5AF-566405ABD529}.Release|Any CPU.ActiveCfg = Release|Any CPU
		{D1729696-F548-488B-A5AF-566405ABD529}.Release|Any CPU.Build.0 = Release|Any CPU
		{ED5390E4-0FE3-421D-B6DE-C8677F41FEDC}.Debug|Any CPU.ActiveCfg = Debug|Any CPU
		{ED5390E4-0FE3-421D-B6DE-C8677F41FEDC}.Debug|Any CPU.Build.0 = Debug|Any CPU
		{ED5390E4-0FE3-421D-B6DE-C8677F41FEDC}.Release|Any CPU.ActiveCfg = Release|Any CPU
		{ED5390E4-0FE3-421D-B6DE-C8677F41FEDC}.Release|Any CPU.Build.0 = Release|Any CPU
		{28904DC6-B1EE-4CD0-B465-5FF4C69ACDEF}.Debug|Any CPU.ActiveCfg = Debug|Any CPU
		{28904DC6-B1EE-4CD0-B465-5FF4C69ACDEF}.Debug|Any CPU.Build.0 = Debug|Any CPU
		{28904DC6-B1EE-4CD0-B465-5FF4C69ACDEF}.Release|Any CPU.ActiveCfg = Release|Any CPU
		{28904DC6-B1EE-4CD0-B465-5FF4C69ACDEF}.Release|Any CPU.Build.0 = Release|Any CPU
		{70B841B3-87B7-44F8-AE60-18DE93E1152F}.Debug|Any CPU.ActiveCfg = Debug|Any CPU
		{70B841B3-87B7-44F8-AE60-18DE93E1152F}.Debug|Any CPU.Build.0 = Debug|Any CPU
		{70B841B3-87B7-44F8-AE60-18DE93E1152F}.Release|Any CPU.ActiveCfg = Release|Any CPU
		{70B841B3-87B7-44F8-AE60-18DE93E1152F}.Release|Any CPU.Build.0 = Release|Any CPU
		{A5432BD8-47AD-4C14-932A-2FCD0DF7BF09}.Debug|Any CPU.ActiveCfg = Debug|Any CPU
		{A5432BD8-47AD-4C14-932A-2FCD0DF7BF09}.Debug|Any CPU.Build.0 = Debug|Any CPU
		{A5432BD8-47AD-4C14-932A-2FCD0DF7BF09}.Release|Any CPU.ActiveCfg = Release|Any CPU
		{A5432BD8-47AD-4C14-932A-2FCD0DF7BF09}.Release|Any CPU.Build.0 = Release|Any CPU
		{934A900B-FC38-41ED-AD43-6677EE4077E6}.Debug|Any CPU.ActiveCfg = Debug|Any CPU
		{934A900B-FC38-41ED-AD43-6677EE4077E6}.Debug|Any CPU.Build.0 = Debug|Any CPU
		{934A900B-FC38-41ED-AD43-6677EE4077E6}.Release|Any CPU.ActiveCfg = Release|Any CPU
		{934A900B-FC38-41ED-AD43-6677EE4077E6}.Release|Any CPU.Build.0 = Release|Any CPU
		{681FF45C-B19A-4FF7-9DE0-4A610E31175C}.Debug|Any CPU.ActiveCfg = Debug|Any CPU
		{681FF45C-B19A-4FF7-9DE0-4A610E31175C}.Debug|Any CPU.Build.0 = Debug|Any CPU
		{681FF45C-B19A-4FF7-9DE0-4A610E31175C}.Release|Any CPU.ActiveCfg = Release|Any CPU
		{681FF45C-B19A-4FF7-9DE0-4A610E31175C}.Release|Any CPU.Build.0 = Release|Any CPU
		{281E8F94-CD7C-4A5C-BA57-FCE01571BD89}.Debug|Any CPU.ActiveCfg = Debug|Any CPU
		{281E8F94-CD7C-4A5C-BA57-FCE01571BD89}.Debug|Any CPU.Build.0 = Debug|Any CPU
		{281E8F94-CD7C-4A5C-BA57-FCE01571BD89}.Release|Any CPU.ActiveCfg = Release|Any CPU
		{281E8F94-CD7C-4A5C-BA57-FCE01571BD89}.Release|Any CPU.Build.0 = Release|Any CPU
		{F4E46A02-983F-44FC-B14C-44B624A855C4}.Debug|Any CPU.ActiveCfg = Debug|Any CPU
		{F4E46A02-983F-44FC-B14C-44B624A855C4}.Debug|Any CPU.Build.0 = Debug|Any CPU
		{F4E46A02-983F-44FC-B14C-44B624A855C4}.Release|Any CPU.ActiveCfg = Release|Any CPU
		{F4E46A02-983F-44FC-B14C-44B624A855C4}.Release|Any CPU.Build.0 = Release|Any CPU
		{58912912-D513-4C57-8A10-A052BF5A5591}.Debug|Any CPU.ActiveCfg = Debug|Any CPU
		{58912912-D513-4C57-8A10-A052BF5A5591}.Debug|Any CPU.Build.0 = Debug|Any CPU
		{58912912-D513-4C57-8A10-A052BF5A5591}.Release|Any CPU.ActiveCfg = Release|Any CPU
		{58912912-D513-4C57-8A10-A052BF5A5591}.Release|Any CPU.Build.0 = Release|Any CPU
		{6B75E84A-38CE-4253-9B53-AA3F97F15BFC}.Debug|Any CPU.ActiveCfg = Debug|Any CPU
		{6B75E84A-38CE-4253-9B53-AA3F97F15BFC}.Debug|Any CPU.Build.0 = Debug|Any CPU
		{6B75E84A-38CE-4253-9B53-AA3F97F15BFC}.Release|Any CPU.ActiveCfg = Release|Any CPU
		{6B75E84A-38CE-4253-9B53-AA3F97F15BFC}.Release|Any CPU.Build.0 = Release|Any CPU
		{6D3E4FBC-80F5-4DCB-8268-3BA9E01080D9}.Debug|Any CPU.ActiveCfg = Debug|Any CPU
		{6D3E4FBC-80F5-4DCB-8268-3BA9E01080D9}.Debug|Any CPU.Build.0 = Debug|Any CPU
		{6D3E4FBC-80F5-4DCB-8268-3BA9E01080D9}.Release|Any CPU.ActiveCfg = Release|Any CPU
		{6D3E4FBC-80F5-4DCB-8268-3BA9E01080D9}.Release|Any CPU.Build.0 = Release|Any CPU
		{038315AD-B508-4988-BEF8-D4334BC42D03}.Debug|Any CPU.ActiveCfg = Debug|Any CPU
		{038315AD-B508-4988-BEF8-D4334BC42D03}.Debug|Any CPU.Build.0 = Debug|Any CPU
		{038315AD-B508-4988-BEF8-D4334BC42D03}.Release|Any CPU.ActiveCfg = Release|Any CPU
		{038315AD-B508-4988-BEF8-D4334BC42D03}.Release|Any CPU.Build.0 = Release|Any CPU
	EndGlobalSection
	GlobalSection(SolutionProperties) = preSolution
		HideSolutionNode = FALSE
	EndGlobalSection
	GlobalSection(NestedProjects) = preSolution
		{B291BEC9-D50F-475C-A2B3-BBA72A8B9B0C} = {1C04675A-CF1F-4C4B-8DB7-C712CFF31F49}
		{FE1C5083-FCAD-405B-9813-82749589AA0B} = {1C04675A-CF1F-4C4B-8DB7-C712CFF31F49}
		{D1729696-F548-488B-A5AF-566405ABD529} = {1C04675A-CF1F-4C4B-8DB7-C712CFF31F49}
		{ED5390E4-0FE3-421D-B6DE-C8677F41FEDC} = {1C04675A-CF1F-4C4B-8DB7-C712CFF31F49}
		{28904DC6-B1EE-4CD0-B465-5FF4C69ACDEF} = {515C2E24-4FF4-4812-B800-D5A7956E7C50}
		{70B841B3-87B7-44F8-AE60-18DE93E1152F} = {515C2E24-4FF4-4812-B800-D5A7956E7C50}
		{A5432BD8-47AD-4C14-932A-2FCD0DF7BF09} = {515C2E24-4FF4-4812-B800-D5A7956E7C50}
		{934A900B-FC38-41ED-AD43-6677EE4077E6} = {515C2E24-4FF4-4812-B800-D5A7956E7C50}
		{681FF45C-B19A-4FF7-9DE0-4A610E31175C} = {515C2E24-4FF4-4812-B800-D5A7956E7C50}
		{281E8F94-CD7C-4A5C-BA57-FCE01571BD89} = {515C2E24-4FF4-4812-B800-D5A7956E7C50}
		{F4E46A02-983F-44FC-B14C-44B624A855C4} = {64417324-0EB1-4035-93BA-EC4AB97D1895}
		{58912912-D513-4C57-8A10-A052BF5A5591} = {64417324-0EB1-4035-93BA-EC4AB97D1895}
		{6B75E84A-38CE-4253-9B53-AA3F97F15BFC} = {64417324-0EB1-4035-93BA-EC4AB97D1895}
		{6D3E4FBC-80F5-4DCB-8268-3BA9E01080D9} = {64417324-0EB1-4035-93BA-EC4AB97D1895}
		{4C8D3106-8172-4F5E-928E-D847BBCB080F} = {515C2E24-4FF4-4812-B800-D5A7956E7C50}
		{038315AD-B508-4988-BEF8-D4334BC42D03} = {4C8D3106-8172-4F5E-928E-D847BBCB080F}
	EndGlobalSection
	GlobalSection(ExtensibilityGlobals) = postSolution
		SolutionGuid = {F27EAEAE-F11C-47C9-8960-619D7F5A991E}
	EndGlobalSection
EndGlobal
