
Microsoft Visual Studio Solution File, Format Version 12.00
# Visual Studio Version 17
VisualStudioVersion = 17.5.002.0
MinimumVisualStudioVersion = 10.0.40219.1
Project("{2150E333-8FDC-42A3-9474-1A3956D46DE8}") = "shared", "shared", "{5152D366-AEBB-4ADA-9F25-320B0F0AA0D6}"
EndProject
Project("{9A19103F-16F7-4668-BE54-9A1E7A4F7556}") = "Shared.ApiResponse", "shared\Shared.ApiResponse\Shared.ApiResponse.csproj", "{71713A7F-E4A2-4F2C-B937-92983E4B44F0}"
EndProject
Project("{9A19103F-16F7-4668-BE54-9A1E7A4F7556}") = "Shared.Application", "shared\Shared.Application\Shared.Application.csproj", "{A0717B45-9E0C-4AF4-A7F1-141B0EE9A894}"
EndProject
Project("{9A19103F-16F7-4668-BE54-9A1E7A4F7556}") = "Shared.Domain", "shared\Shared.Domain\Shared.Domain.csproj", "{5333C920-5C29-40D7-9A63-F9549CC2371D}"
EndProject
Project("{9A19103F-16F7-4668-BE54-9A1E7A4F7556}") = "Shared.Query", "shared\Shared.Query\Shared.Query.csproj", "{89C2D47D-8454-4AF0-8B97-E603F15B8EC5}"
EndProject
Project("{2150E333-8FDC-42A3-9474-1A3956D46DE8}") = "src", "src", "{C6517536-B45E-40C3-A3DE-7EE05B312733}"
EndProject
Project("{9A19103F-16F7-4668-BE54-9A1E7A4F7556}") = "ApiMarketHub.Application", "src\ApiMarketHub.Application\ApiMarketHub.Application.csproj", "{C4466BEC-D78B-4F20-AC4C-A337D76F8460}"
EndProject
Project("{9A19103F-16F7-4668-BE54-9A1E7A4F7556}") = "ApiMarketHub.Config", "src\ApiMarketHub.Config\ApiMarketHub.Config.csproj", "{2F54D693-A57A-405F-AB04-D9EA43B70B5F}"
EndProject
Project("{9A19103F-16F7-4668-BE54-9A1E7A4F7556}") = "ApiMarketHub.Domain", "src\ApiMarketHub.Domain\ApiMarketHub.Domain.csproj", "{288EF704-DED4-48EE-B87B-890C1BAC2139}"
EndProject
Project("{9A19103F-16F7-4668-BE54-9A1E7A4F7556}") = "ApiMarketHub.Infrastructure", "src\ApiMarketHub.Infrastructure\ApiMarketHub.Infrastructure.csproj", "{E7B7C9C2-48F0-4D80-9DB5-B05D238E2147}"
EndProject
Project("{9A19103F-16F7-4668-BE54-9A1E7A4F7556}") = "ApiMarketHub.PresentationFacade", "src\ApiMarketHub.PresentationFacade\ApiMarketHub.PresentationFacade.csproj", "{A55FA095-8D62-4DBE-953D-E7FFA98DF62A}"
EndProject
Project("{9A19103F-16F7-4668-BE54-9A1E7A4F7556}") = "ApiMarketHub.Query", "src\ApiMarketHub.Query\ApiMarketHub.Query.csproj", "{5C37CAA0-FD0E-4B84-BEDB-70C5ADC3AA15}"
EndProject
Project("{2150E333-8FDC-42A3-9474-1A3956D46DE8}") = "test", "test", "{E0EB24F4-9424-41BC-9CE1-9F9D42B7083A}"
EndProject
Project("{9A19103F-16F7-4668-BE54-9A1E7A4F7556}") = "ApiMarketHub.Application.UnitTest", "test\ApiMarketHub.Application.UnitTest\ApiMarketHub.Application.UnitTest.csproj", "{17D448E5-322A-44FF-A236-0735D543D3D9}"
EndProject
Project("{9A19103F-16F7-4668-BE54-9A1E7A4F7556}") = "ApiMarketHub.Domain.UnitTest", "test\ApiMarketHub.Domain.UnitTest\ApiMarketHub.Domain.UnitTest.csproj", "{19603B04-13DC-40AE-8081-C57DBD9C38A5}"
EndProject
Project("{9A19103F-16F7-4668-BE54-9A1E7A4F7556}") = "MarketHubApi.UnitTest", "test\MarketHubApi.UnitTest\MarketHubApi.UnitTest.csproj", "{702CC240-6DD6-4787-A34C-030C8786AC8E}"
EndProject
Project("{9A19103F-16F7-4668-BE54-9A1E7A4F7556}") = "Shared.Domain.UnitTest", "test\Shared.Domain.UnitTest\Shared.Domain.UnitTest.csproj", "{153560A7-3BC8-49AE-9B0D-E5172C956419}"
EndProject
Project("{2150E333-8FDC-42A3-9474-1A3956D46DE8}") = "EndPoints", "EndPoints", "{392DC23E-4342-4533-B97F-56C9E53C53B1}"
EndProject
Project("{9A19103F-16F7-4668-BE54-9A1E7A4F7556}") = "MarketHub.Api", "src\EndPoints\MarketHub.Api\MarketHub.Api.csproj", "{86E8B2B6-E522-4C7E-9D2D-D539AD2FFE56}"
EndProject
Global
	GlobalSection(SolutionConfigurationPlatforms) = preSolution
		Debug|Any CPU = Debug|Any CPU
		Release|Any CPU = Release|Any CPU
	EndGlobalSection
	GlobalSection(ProjectConfigurationPlatforms) = postSolution
		{71713A7F-E4A2-4F2C-B937-92983E4B44F0}.Debug|Any CPU.ActiveCfg = Debug|Any CPU
		{71713A7F-E4A2-4F2C-B937-92983E4B44F0}.Debug|Any CPU.Build.0 = Debug|Any CPU
		{71713A7F-E4A2-4F2C-B937-92983E4B44F0}.Release|Any CPU.ActiveCfg = Release|Any CPU
		{71713A7F-E4A2-4F2C-B937-92983E4B44F0}.Release|Any CPU.Build.0 = Release|Any CPU
		{A0717B45-9E0C-4AF4-A7F1-141B0EE9A894}.Debug|Any CPU.ActiveCfg = Debug|Any CPU
		{A0717B45-9E0C-4AF4-A7F1-141B0EE9A894}.Debug|Any CPU.Build.0 = Debug|Any CPU
		{A0717B45-9E0C-4AF4-A7F1-141B0EE9A894}.Release|Any CPU.ActiveCfg = Release|Any CPU
		{A0717B45-9E0C-4AF4-A7F1-141B0EE9A894}.Release|Any CPU.Build.0 = Release|Any CPU
		{5333C920-5C29-40D7-9A63-F9549CC2371D}.Debug|Any CPU.ActiveCfg = Debug|Any CPU
		{5333C920-5C29-40D7-9A63-F9549CC2371D}.Debug|Any CPU.Build.0 = Debug|Any CPU
		{5333C920-5C29-40D7-9A63-F9549CC2371D}.Release|Any CPU.ActiveCfg = Release|Any CPU
		{5333C920-5C29-40D7-9A63-F9549CC2371D}.Release|Any CPU.Build.0 = Release|Any CPU
		{89C2D47D-8454-4AF0-8B97-E603F15B8EC5}.Debug|Any CPU.ActiveCfg = Debug|Any CPU
		{89C2D47D-8454-4AF0-8B97-E603F15B8EC5}.Debug|Any CPU.Build.0 = Debug|Any CPU
		{89C2D47D-8454-4AF0-8B97-E603F15B8EC5}.Release|Any CPU.ActiveCfg = Release|Any CPU
		{89C2D47D-8454-4AF0-8B97-E603F15B8EC5}.Release|Any CPU.Build.0 = Release|Any CPU
		{C4466BEC-D78B-4F20-AC4C-A337D76F8460}.Debug|Any CPU.ActiveCfg = Debug|Any CPU
		{C4466BEC-D78B-4F20-AC4C-A337D76F8460}.Debug|Any CPU.Build.0 = Debug|Any CPU
		{C4466BEC-D78B-4F20-AC4C-A337D76F8460}.Release|Any CPU.ActiveCfg = Release|Any CPU
		{C4466BEC-D78B-4F20-AC4C-A337D76F8460}.Release|Any CPU.Build.0 = Release|Any CPU
		{2F54D693-A57A-405F-AB04-D9EA43B70B5F}.Debug|Any CPU.ActiveCfg = Debug|Any CPU
		{2F54D693-A57A-405F-AB04-D9EA43B70B5F}.Debug|Any CPU.Build.0 = Debug|Any CPU
		{2F54D693-A57A-405F-AB04-D9EA43B70B5F}.Release|Any CPU.ActiveCfg = Release|Any CPU
		{2F54D693-A57A-405F-AB04-D9EA43B70B5F}.Release|Any CPU.Build.0 = Release|Any CPU
		{288EF704-DED4-48EE-B87B-890C1BAC2139}.Debug|Any CPU.ActiveCfg = Debug|Any CPU
		{288EF704-DED4-48EE-B87B-890C1BAC2139}.Debug|Any CPU.Build.0 = Debug|Any CPU
		{288EF704-DED4-48EE-B87B-890C1BAC2139}.Release|Any CPU.ActiveCfg = Release|Any CPU
		{288EF704-DED4-48EE-B87B-890C1BAC2139}.Release|Any CPU.Build.0 = Release|Any CPU
		{E7B7C9C2-48F0-4D80-9DB5-B05D238E2147}.Debug|Any CPU.ActiveCfg = Debug|Any CPU
		{E7B7C9C2-48F0-4D80-9DB5-B05D238E2147}.Debug|Any CPU.Build.0 = Debug|Any CPU
		{E7B7C9C2-48F0-4D80-9DB5-B05D238E2147}.Release|Any CPU.ActiveCfg = Release|Any CPU
		{E7B7C9C2-48F0-4D80-9DB5-B05D238E2147}.Release|Any CPU.Build.0 = Release|Any CPU
		{A55FA095-8D62-4DBE-953D-E7FFA98DF62A}.Debug|Any CPU.ActiveCfg = Debug|Any CPU
		{A55FA095-8D62-4DBE-953D-E7FFA98DF62A}.Debug|Any CPU.Build.0 = Debug|Any CPU
		{A55FA095-8D62-4DBE-953D-E7FFA98DF62A}.Release|Any CPU.ActiveCfg = Release|Any CPU
		{A55FA095-8D62-4DBE-953D-E7FFA98DF62A}.Release|Any CPU.Build.0 = Release|Any CPU
		{5C37CAA0-FD0E-4B84-BEDB-70C5ADC3AA15}.Debug|Any CPU.ActiveCfg = Debug|Any CPU
		{5C37CAA0-FD0E-4B84-BEDB-70C5ADC3AA15}.Debug|Any CPU.Build.0 = Debug|Any CPU
		{5C37CAA0-FD0E-4B84-BEDB-70C5ADC3AA15}.Release|Any CPU.ActiveCfg = Release|Any CPU
		{5C37CAA0-FD0E-4B84-BEDB-70C5ADC3AA15}.Release|Any CPU.Build.0 = Release|Any CPU
		{17D448E5-322A-44FF-A236-0735D543D3D9}.Debug|Any CPU.ActiveCfg = Debug|Any CPU
		{17D448E5-322A-44FF-A236-0735D543D3D9}.Debug|Any CPU.Build.0 = Debug|Any CPU
		{17D448E5-322A-44FF-A236-0735D543D3D9}.Release|Any CPU.ActiveCfg = Release|Any CPU
		{17D448E5-322A-44FF-A236-0735D543D3D9}.Release|Any CPU.Build.0 = Release|Any CPU
		{19603B04-13DC-40AE-8081-C57DBD9C38A5}.Debug|Any CPU.ActiveCfg = Debug|Any CPU
		{19603B04-13DC-40AE-8081-C57DBD9C38A5}.Debug|Any CPU.Build.0 = Debug|Any CPU
		{19603B04-13DC-40AE-8081-C57DBD9C38A5}.Release|Any CPU.ActiveCfg = Release|Any CPU
		{19603B04-13DC-40AE-8081-C57DBD9C38A5}.Release|Any CPU.Build.0 = Release|Any CPU
		{702CC240-6DD6-4787-A34C-030C8786AC8E}.Debug|Any CPU.ActiveCfg = Debug|Any CPU
		{702CC240-6DD6-4787-A34C-030C8786AC8E}.Debug|Any CPU.Build.0 = Debug|Any CPU
		{702CC240-6DD6-4787-A34C-030C8786AC8E}.Release|Any CPU.ActiveCfg = Release|Any CPU
		{702CC240-6DD6-4787-A34C-030C8786AC8E}.Release|Any CPU.Build.0 = Release|Any CPU
		{153560A7-3BC8-49AE-9B0D-E5172C956419}.Debug|Any CPU.ActiveCfg = Debug|Any CPU
		{153560A7-3BC8-49AE-9B0D-E5172C956419}.Debug|Any CPU.Build.0 = Debug|Any CPU
		{153560A7-3BC8-49AE-9B0D-E5172C956419}.Release|Any CPU.ActiveCfg = Release|Any CPU
		{153560A7-3BC8-49AE-9B0D-E5172C956419}.Release|Any CPU.Build.0 = Release|Any CPU
		{86E8B2B6-E522-4C7E-9D2D-D539AD2FFE56}.Debug|Any CPU.ActiveCfg = Debug|Any CPU
		{86E8B2B6-E522-4C7E-9D2D-D539AD2FFE56}.Debug|Any CPU.Build.0 = Debug|Any CPU
		{86E8B2B6-E522-4C7E-9D2D-D539AD2FFE56}.Release|Any CPU.ActiveCfg = Release|Any CPU
		{86E8B2B6-E522-4C7E-9D2D-D539AD2FFE56}.Release|Any CPU.Build.0 = Release|Any CPU
	EndGlobalSection
	GlobalSection(SolutionProperties) = preSolution
		HideSolutionNode = FALSE
	EndGlobalSection
	GlobalSection(NestedProjects) = preSolution
		{71713A7F-E4A2-4F2C-B937-92983E4B44F0} = {5152D366-AEBB-4ADA-9F25-320B0F0AA0D6}
		{A0717B45-9E0C-4AF4-A7F1-141B0EE9A894} = {5152D366-AEBB-4ADA-9F25-320B0F0AA0D6}
		{5333C920-5C29-40D7-9A63-F9549CC2371D} = {5152D366-AEBB-4ADA-9F25-320B0F0AA0D6}
		{89C2D47D-8454-4AF0-8B97-E603F15B8EC5} = {5152D366-AEBB-4ADA-9F25-320B0F0AA0D6}
		{C4466BEC-D78B-4F20-AC4C-A337D76F8460} = {C6517536-B45E-40C3-A3DE-7EE05B312733}
		{2F54D693-A57A-405F-AB04-D9EA43B70B5F} = {C6517536-B45E-40C3-A3DE-7EE05B312733}
		{288EF704-DED4-48EE-B87B-890C1BAC2139} = {C6517536-B45E-40C3-A3DE-7EE05B312733}
		{E7B7C9C2-48F0-4D80-9DB5-B05D238E2147} = {C6517536-B45E-40C3-A3DE-7EE05B312733}
		{A55FA095-8D62-4DBE-953D-E7FFA98DF62A} = {C6517536-B45E-40C3-A3DE-7EE05B312733}
		{5C37CAA0-FD0E-4B84-BEDB-70C5ADC3AA15} = {C6517536-B45E-40C3-A3DE-7EE05B312733}
		{17D448E5-322A-44FF-A236-0735D543D3D9} = {E0EB24F4-9424-41BC-9CE1-9F9D42B7083A}
		{19603B04-13DC-40AE-8081-C57DBD9C38A5} = {E0EB24F4-9424-41BC-9CE1-9F9D42B7083A}
		{702CC240-6DD6-4787-A34C-030C8786AC8E} = {E0EB24F4-9424-41BC-9CE1-9F9D42B7083A}
		{153560A7-3BC8-49AE-9B0D-E5172C956419} = {E0EB24F4-9424-41BC-9CE1-9F9D42B7083A}
		{392DC23E-4342-4533-B97F-56C9E53C53B1} = {C6517536-B45E-40C3-A3DE-7EE05B312733}
		{86E8B2B6-E522-4C7E-9D2D-D539AD2FFE56} = {392DC23E-4342-4533-B97F-56C9E53C53B1}
	EndGlobalSection
	GlobalSection(ExtensibilityGlobals) = postSolution
		SolutionGuid = {83E230DA-03B0-4AB8-834A-1DEE2F5A2280}
	EndGlobalSection
EndGlobal
