
Microsoft Visual Studio Solution File, Format Version 12.00
# Visual Studio Version 17
VisualStudioVersion = 17.5.002.0
MinimumVisualStudioVersion = 10.0.40219.1
Project("{2150E333-8FDC-42A3-9474-1A3956D46DE8}") = "shared", "shared", "{B7E2CBB0-18C2-48EC-8B1A-9A6D41EC339E}"
EndProject
Project("{9A19103F-16F7-4668-BE54-9A1E7A4F7556}") = "Shared.Application", "shared\Shared.Application\Shared.Application.csproj", "{3B6BDEE4-91F0-42E7-9464-50F3F19961C3}"
EndProject
Project("{9A19103F-16F7-4668-BE54-9A1E7A4F7556}") = "Shared.Domain", "shared\Shared.Domain\Shared.Domain.csproj", "{604DD82D-B386-472F-B763-428FEC966B82}"
EndProject
Project("{9A19103F-16F7-4668-BE54-9A1E7A4F7556}") = "Shared.Query", "shared\Shared.Query\Shared.Query.csproj", "{F288601B-85FC-49EB-B8B1-9939C7C94127}"
EndProject
Project("{2150E333-8FDC-42A3-9474-1A3956D46DE8}") = "src", "src", "{0DC7A5EE-07D5-4EA5-B224-1AF2C6764BC7}"
EndProject
Project("{9A19103F-16F7-4668-BE54-9A1E7A4F7556}") = "ApiMarketHub.Application", "src\ApiMarketHub.Application\ApiMarketHub.Application.csproj", "{E0474698-AC78-41BB-8A5F-E186D24FA839}"
EndProject
Project("{9A19103F-16F7-4668-BE54-9A1E7A4F7556}") = "ApiMarketHub.Config", "src\ApiMarketHub.Config\ApiMarketHub.Config.csproj", "{31FF1C75-07C3-4FB0-9FD3-BECFE696D5D3}"
EndProject
Project("{9A19103F-16F7-4668-BE54-9A1E7A4F7556}") = "ApiMarketHub.Domain", "src\ApiMarketHub.Domain\ApiMarketHub.Domain.csproj", "{E9CD0A96-B10C-4D0D-B395-1F0511614867}"
EndProject
Project("{9A19103F-16F7-4668-BE54-9A1E7A4F7556}") = "ApiMarketHub.Infrastructure", "src\ApiMarketHub.Infrastructure\ApiMarketHub.Infrastructure.csproj", "{13264B0A-E582-4AFF-AD4F-DDD3A7AD65EE}"
EndProject
Project("{9A19103F-16F7-4668-BE54-9A1E7A4F7556}") = "ApiMarketHub.PresentationFacade", "src\ApiMarketHub.PresentationFacade\ApiMarketHub.PresentationFacade.csproj", "{83EE9E7B-1FB4-456C-8D32-131387D31A27}"
EndProject
Project("{9A19103F-16F7-4668-BE54-9A1E7A4F7556}") = "ApiMarketHub.Query", "src\ApiMarketHub.Query\ApiMarketHub.Query.csproj", "{469D6C1F-CA6B-41EC-ACF5-A1CE8ED2B41F}"
EndProject
Project("{2150E333-8FDC-42A3-9474-1A3956D46DE8}") = "test", "test", "{5BC66EBC-BD3B-4C43-8CF3-61AF09DCD6F7}"
EndProject
Project("{9A19103F-16F7-4668-BE54-9A1E7A4F7556}") = "ApiMarketHub.Application.UnitTest", "test\ApiMarketHub.Application.UnitTest\ApiMarketHub.Application.UnitTest.csproj", "{3B8CF407-CB19-445D-9927-B70375349668}"
EndProject
Project("{9A19103F-16F7-4668-BE54-9A1E7A4F7556}") = "ApiMarketHub.Domain.UnitTest", "test\ApiMarketHub.Domain.UnitTest\ApiMarketHub.Domain.UnitTest.csproj", "{8CB35CD5-42ED-489F-B61F-081E9EA01031}"
EndProject
Project("{9A19103F-16F7-4668-BE54-9A1E7A4F7556}") = "Shared.Domain.UnitTest", "test\Shared.Domain.UnitTest\Shared.Domain.UnitTest.csproj", "{11FD89F7-48F1-4CAC-A390-A037F8CEEE2B}"
EndProject
Project("{2150E333-8FDC-42A3-9474-1A3956D46DE8}") = "EndPoints", "EndPoints", "{5FB7F82B-4A88-4590-A96A-1A79DFD4FE92}"
EndProject
Project("{9A19103F-16F7-4668-BE54-9A1E7A4F7556}") = "MarketHub.Api", "src\EndPoints\MarketHub.Api\MarketHub.Api.csproj", "{EA7E38C8-D5CA-4963-965F-4CFE7087B3F3}"
EndProject
Global
	GlobalSection(SolutionConfigurationPlatforms) = preSolution
		Debug|Any CPU = Debug|Any CPU
		Release|Any CPU = Release|Any CPU
	EndGlobalSection
	GlobalSection(ProjectConfigurationPlatforms) = postSolution
		{3B6BDEE4-91F0-42E7-9464-50F3F19961C3}.Debug|Any CPU.ActiveCfg = Debug|Any CPU
		{3B6BDEE4-91F0-42E7-9464-50F3F19961C3}.Debug|Any CPU.Build.0 = Debug|Any CPU
		{3B6BDEE4-91F0-42E7-9464-50F3F19961C3}.Release|Any CPU.ActiveCfg = Release|Any CPU
		{3B6BDEE4-91F0-42E7-9464-50F3F19961C3}.Release|Any CPU.Build.0 = Release|Any CPU
		{604DD82D-B386-472F-B763-428FEC966B82}.Debug|Any CPU.ActiveCfg = Debug|Any CPU
		{604DD82D-B386-472F-B763-428FEC966B82}.Debug|Any CPU.Build.0 = Debug|Any CPU
		{604DD82D-B386-472F-B763-428FEC966B82}.Release|Any CPU.ActiveCfg = Release|Any CPU
		{604DD82D-B386-472F-B763-428FEC966B82}.Release|Any CPU.Build.0 = Release|Any CPU
		{F288601B-85FC-49EB-B8B1-9939C7C94127}.Debug|Any CPU.ActiveCfg = Debug|Any CPU
		{F288601B-85FC-49EB-B8B1-9939C7C94127}.Debug|Any CPU.Build.0 = Debug|Any CPU
		{F288601B-85FC-49EB-B8B1-9939C7C94127}.Release|Any CPU.ActiveCfg = Release|Any CPU
		{F288601B-85FC-49EB-B8B1-9939C7C94127}.Release|Any CPU.Build.0 = Release|Any CPU
		{E0474698-AC78-41BB-8A5F-E186D24FA839}.Debug|Any CPU.ActiveCfg = Debug|Any CPU
		{E0474698-AC78-41BB-8A5F-E186D24FA839}.Debug|Any CPU.Build.0 = Debug|Any CPU
		{E0474698-AC78-41BB-8A5F-E186D24FA839}.Release|Any CPU.ActiveCfg = Release|Any CPU
		{E0474698-AC78-41BB-8A5F-E186D24FA839}.Release|Any CPU.Build.0 = Release|Any CPU
		{31FF1C75-07C3-4FB0-9FD3-BECFE696D5D3}.Debug|Any CPU.ActiveCfg = Debug|Any CPU
		{31FF1C75-07C3-4FB0-9FD3-BECFE696D5D3}.Debug|Any CPU.Build.0 = Debug|Any CPU
		{31FF1C75-07C3-4FB0-9FD3-BECFE696D5D3}.Release|Any CPU.ActiveCfg = Release|Any CPU
		{31FF1C75-07C3-4FB0-9FD3-BECFE696D5D3}.Release|Any CPU.Build.0 = Release|Any CPU
		{E9CD0A96-B10C-4D0D-B395-1F0511614867}.Debug|Any CPU.ActiveCfg = Debug|Any CPU
		{E9CD0A96-B10C-4D0D-B395-1F0511614867}.Debug|Any CPU.Build.0 = Debug|Any CPU
		{E9CD0A96-B10C-4D0D-B395-1F0511614867}.Release|Any CPU.ActiveCfg = Release|Any CPU
		{E9CD0A96-B10C-4D0D-B395-1F0511614867}.Release|Any CPU.Build.0 = Release|Any CPU
		{13264B0A-E582-4AFF-AD4F-DDD3A7AD65EE}.Debug|Any CPU.ActiveCfg = Debug|Any CPU
		{13264B0A-E582-4AFF-AD4F-DDD3A7AD65EE}.Debug|Any CPU.Build.0 = Debug|Any CPU
		{13264B0A-E582-4AFF-AD4F-DDD3A7AD65EE}.Release|Any CPU.ActiveCfg = Release|Any CPU
		{13264B0A-E582-4AFF-AD4F-DDD3A7AD65EE}.Release|Any CPU.Build.0 = Release|Any CPU
		{83EE9E7B-1FB4-456C-8D32-131387D31A27}.Debug|Any CPU.ActiveCfg = Debug|Any CPU
		{83EE9E7B-1FB4-456C-8D32-131387D31A27}.Debug|Any CPU.Build.0 = Debug|Any CPU
		{83EE9E7B-1FB4-456C-8D32-131387D31A27}.Release|Any CPU.ActiveCfg = Release|Any CPU
		{83EE9E7B-1FB4-456C-8D32-131387D31A27}.Release|Any CPU.Build.0 = Release|Any CPU
		{469D6C1F-CA6B-41EC-ACF5-A1CE8ED2B41F}.Debug|Any CPU.ActiveCfg = Debug|Any CPU
		{469D6C1F-CA6B-41EC-ACF5-A1CE8ED2B41F}.Debug|Any CPU.Build.0 = Debug|Any CPU
		{469D6C1F-CA6B-41EC-ACF5-A1CE8ED2B41F}.Release|Any CPU.ActiveCfg = Release|Any CPU
		{469D6C1F-CA6B-41EC-ACF5-A1CE8ED2B41F}.Release|Any CPU.Build.0 = Release|Any CPU
		{3B8CF407-CB19-445D-9927-B70375349668}.Debug|Any CPU.ActiveCfg = Debug|Any CPU
		{3B8CF407-CB19-445D-9927-B70375349668}.Debug|Any CPU.Build.0 = Debug|Any CPU
		{3B8CF407-CB19-445D-9927-B70375349668}.Release|Any CPU.ActiveCfg = Release|Any CPU
		{3B8CF407-CB19-445D-9927-B70375349668}.Release|Any CPU.Build.0 = Release|Any CPU
		{8CB35CD5-42ED-489F-B61F-081E9EA01031}.Debug|Any CPU.ActiveCfg = Debug|Any CPU
		{8CB35CD5-42ED-489F-B61F-081E9EA01031}.Debug|Any CPU.Build.0 = Debug|Any CPU
		{8CB35CD5-42ED-489F-B61F-081E9EA01031}.Release|Any CPU.ActiveCfg = Release|Any CPU
		{8CB35CD5-42ED-489F-B61F-081E9EA01031}.Release|Any CPU.Build.0 = Release|Any CPU
		{11FD89F7-48F1-4CAC-A390-A037F8CEEE2B}.Debug|Any CPU.ActiveCfg = Debug|Any CPU
		{11FD89F7-48F1-4CAC-A390-A037F8CEEE2B}.Debug|Any CPU.Build.0 = Debug|Any CPU
		{11FD89F7-48F1-4CAC-A390-A037F8CEEE2B}.Release|Any CPU.ActiveCfg = Release|Any CPU
		{11FD89F7-48F1-4CAC-A390-A037F8CEEE2B}.Release|Any CPU.Build.0 = Release|Any CPU
		{EA7E38C8-D5CA-4963-965F-4CFE7087B3F3}.Debug|Any CPU.ActiveCfg = Debug|Any CPU
		{EA7E38C8-D5CA-4963-965F-4CFE7087B3F3}.Debug|Any CPU.Build.0 = Debug|Any CPU
		{EA7E38C8-D5CA-4963-965F-4CFE7087B3F3}.Release|Any CPU.ActiveCfg = Release|Any CPU
		{EA7E38C8-D5CA-4963-965F-4CFE7087B3F3}.Release|Any CPU.Build.0 = Release|Any CPU
	EndGlobalSection
	GlobalSection(SolutionProperties) = preSolution
		HideSolutionNode = FALSE
	EndGlobalSection
	GlobalSection(NestedProjects) = preSolution
		{3B6BDEE4-91F0-42E7-9464-50F3F19961C3} = {B7E2CBB0-18C2-48EC-8B1A-9A6D41EC339E}
		{604DD82D-B386-472F-B763-428FEC966B82} = {B7E2CBB0-18C2-48EC-8B1A-9A6D41EC339E}
		{F288601B-85FC-49EB-B8B1-9939C7C94127} = {B7E2CBB0-18C2-48EC-8B1A-9A6D41EC339E}
		{E0474698-AC78-41BB-8A5F-E186D24FA839} = {0DC7A5EE-07D5-4EA5-B224-1AF2C6764BC7}
		{31FF1C75-07C3-4FB0-9FD3-BECFE696D5D3} = {0DC7A5EE-07D5-4EA5-B224-1AF2C6764BC7}
		{E9CD0A96-B10C-4D0D-B395-1F0511614867} = {0DC7A5EE-07D5-4EA5-B224-1AF2C6764BC7}
		{13264B0A-E582-4AFF-AD4F-DDD3A7AD65EE} = {0DC7A5EE-07D5-4EA5-B224-1AF2C6764BC7}
		{83EE9E7B-1FB4-456C-8D32-131387D31A27} = {0DC7A5EE-07D5-4EA5-B224-1AF2C6764BC7}
		{469D6C1F-CA6B-41EC-ACF5-A1CE8ED2B41F} = {0DC7A5EE-07D5-4EA5-B224-1AF2C6764BC7}
		{3B8CF407-CB19-445D-9927-B70375349668} = {5BC66EBC-BD3B-4C43-8CF3-61AF09DCD6F7}
		{8CB35CD5-42ED-489F-B61F-081E9EA01031} = {5BC66EBC-BD3B-4C43-8CF3-61AF09DCD6F7}
		{11FD89F7-48F1-4CAC-A390-A037F8CEEE2B} = {5BC66EBC-BD3B-4C43-8CF3-61AF09DCD6F7}
		{5FB7F82B-4A88-4590-A96A-1A79DFD4FE92} = {0DC7A5EE-07D5-4EA5-B224-1AF2C6764BC7}
		{EA7E38C8-D5CA-4963-965F-4CFE7087B3F3} = {5FB7F82B-4A88-4590-A96A-1A79DFD4FE92}
	EndGlobalSection
	GlobalSection(ExtensibilityGlobals) = postSolution
		SolutionGuid = {99B3AE42-9423-4E12-BEC5-1E6717984BA5}
	EndGlobalSection
EndGlobal
